
Microsoft Visual Studio Solution File, Format Version 12.00
# Visual Studio Version 16
VisualStudioVersion = 16.0.32407.337
MinimumVisualStudioVersion = 10.0.40219.1
Project("{FAE04EC0-301F-11D3-BF4B-00C04F79EFBC}") = "calcula média de varios numeros de um array", "calcula média de varios numeros de um array.csproj", "{61A2D5D8-53EB-4B8D-82AC-82C7016FC31F}"
EndProject
Global
	GlobalSection(SolutionConfigurationPlatforms) = preSolution
		Debug|Any CPU = Debug|Any CPU
		Release|Any CPU = Release|Any CPU
	EndGlobalSection
	GlobalSection(ProjectConfigurationPlatforms) = postSolution
		{61A2D5D8-53EB-4B8D-82AC-82C7016FC31F}.Debug|Any CPU.ActiveCfg = Debug|Any CPU
		{61A2D5D8-53EB-4B8D-82AC-82C7016FC31F}.Debug|Any CPU.Build.0 = Debug|Any CPU
		{61A2D5D8-53EB-4B8D-82AC-82C7016FC31F}.Release|Any CPU.ActiveCfg = Release|Any CPU
		{61A2D5D8-53EB-4B8D-82AC-82C7016FC31F}.Release|Any CPU.Build.0 = Release|Any CPU
	EndGlobalSection
	GlobalSection(SolutionProperties) = preSolution
		HideSolutionNode = FALSE
	EndGlobalSection
	GlobalSection(ExtensibilityGlobals) = postSolution
		SolutionGuid = {5A6935B3-92B3-4EBA-87D9-0AD1DA9FA11A}
	EndGlobalSection
EndGlobal
